
Microsoft Visual Studio Solution File, Format Version 12.00
# Visual Studio 15
VisualStudioVersion = 15.0.34112.143
MinimumVisualStudioVersion = 10.0.40219.1
Project("{FAE04EC0-301F-11D3-BF4B-00C04F79EFBC}") = "SD 208 - Web Developement 3 - Final Project", "SD 208 - Web Developement 3 - Final Project\SD 208 - Web Developement 3 - Final Project.csproj", "{CF8D1739-F62D-460E-A959-D5210C44FC67}"
EndProject
Global
	GlobalSection(SolutionConfigurationPlatforms) = preSolution
		Debug|Any CPU = Debug|Any CPU
		Release|Any CPU = Release|Any CPU
	EndGlobalSection
	GlobalSection(ProjectConfigurationPlatforms) = postSolution
		{CF8D1739-F62D-460E-A959-D5210C44FC67}.Debug|Any CPU.ActiveCfg = Debug|Any CPU
		{CF8D1739-F62D-460E-A959-D5210C44FC67}.Debug|Any CPU.Build.0 = Debug|Any CPU
		{CF8D1739-F62D-460E-A959-D5210C44FC67}.Release|Any CPU.ActiveCfg = Release|Any CPU
		{CF8D1739-F62D-460E-A959-D5210C44FC67}.Release|Any CPU.Build.0 = Release|Any CPU
	EndGlobalSection
	GlobalSection(SolutionProperties) = preSolution
		HideSolutionNode = FALSE
	EndGlobalSection
	GlobalSection(ExtensibilityGlobals) = postSolution
		SolutionGuid = {61C40F61-96A2-4BB5-BB04-65D51F80259B}
	EndGlobalSection
EndGlobal
